// !$*UTF8*$!
{
	archiveVersion = 1;
	classes = {
	};
	objectVersion = 56;
	objects = {

/* Begin PBXBuildFile section */
		470179992987FD37008E2000 /* ServiceProviderApp.swift in Sources */ = {isa = PBXBuildFile; fileRef = 470179982987FD37008E2000 /* ServiceProviderApp.swift */; };
		4701799B2987FD37008E2000 /* ContentView.swift in Sources */ = {isa = PBXBuildFile; fileRef = 4701799A2987FD37008E2000 /* ContentView.swift */; };
		4701799D2987FD39008E2000 /* Assets.xcassets in Resources */ = {isa = PBXBuildFile; fileRef = 4701799C2987FD39008E2000 /* Assets.xcassets */; };
		470179A02987FD39008E2000 /* Preview Assets.xcassets in Resources */ = {isa = PBXBuildFile; fileRef = 4701799F2987FD39008E2000 /* Preview Assets.xcassets */; };
		470179AB2987FD39008E2000 /* ServiceProviderTests.swift in Sources */ = {isa = PBXBuildFile; fileRef = 470179AA2987FD39008E2000 /* ServiceProviderTests.swift */; };
		470179B52987FD39008E2000 /* ServiceProviderUITests.swift in Sources */ = {isa = PBXBuildFile; fileRef = 470179B42987FD39008E2000 /* ServiceProviderUITests.swift */; };
		470179B72987FD39008E2000 /* ServiceProviderUITestsLaunchTests.swift in Sources */ = {isa = PBXBuildFile; fileRef = 470179B62987FD39008E2000 /* ServiceProviderUITestsLaunchTests.swift */; };
		470179C42987FD55008E2000 /* shapestruct.swift in Sources */ = {isa = PBXBuildFile; fileRef = 470179C32987FD55008E2000 /* shapestruct.swift */; };
		470179C62987FD8F008E2000 /* addRide.swift in Sources */ = {isa = PBXBuildFile; fileRef = 470179C52987FD8F008E2000 /* addRide.swift */; };
		470179C82987FDB0008E2000 /* sprides.swift in Sources */ = {isa = PBXBuildFile; fileRef = 470179C72987FDB0008E2000 /* sprides.swift */; };
		470179CA2987FDC4008E2000 /* tabbar.swift in Sources */ = {isa = PBXBuildFile; fileRef = 470179C92987FDC4008E2000 /* tabbar.swift */; };
		470179CC2987FDDC008E2000 /* ridesheet.swift in Sources */ = {isa = PBXBuildFile; fileRef = 470179CB2987FDDC008E2000 /* ridesheet.swift */; };
		470179CE2987FE0D008E2000 /* sprideinitv.swift in Sources */ = {isa = PBXBuildFile; fileRef = 470179CD2987FE0D008E2000 /* sprideinitv.swift */; };
		470179D0298801ED008E2000 /* Roboto-Medium.ttf in Resources */ = {isa = PBXBuildFile; fileRef = 470179CF298801EC008E2000 /* Roboto-Medium.ttf */; };
/* End PBXBuildFile section */

/* Begin PBXContainerItemProxy section */
		470179A72987FD39008E2000 /* PBXContainerItemProxy */ = {
			isa = PBXContainerItemProxy;
			containerPortal = 4701798D2987FD37008E2000 /* Project object */;
			proxyType = 1;
			remoteGlobalIDString = 470179942987FD37008E2000;
			remoteInfo = ServiceProvider;
		};
		470179B12987FD39008E2000 /* PBXContainerItemProxy */ = {
			isa = PBXContainerItemProxy;
			containerPortal = 4701798D2987FD37008E2000 /* Project object */;
			proxyType = 1;
			remoteGlobalIDString = 470179942987FD37008E2000;
			remoteInfo = ServiceProvider;
		};
/* End PBXContainerItemProxy section */

/* Begin PBXFileReference section */
		470179952987FD37008E2000 /* ServiceProvider.app */ = {isa = PBXFileReference; explicitFileType = wrapper.application; includeInIndex = 0; path = ServiceProvider.app; sourceTree = BUILT_PRODUCTS_DIR; };
		470179982987FD37008E2000 /* ServiceProviderApp.swift */ = {isa = PBXFileReference; lastKnownFileType = sourcecode.swift; path = ServiceProviderApp.swift; sourceTree = "<group>"; };
		4701799A2987FD37008E2000 /* ContentView.swift */ = {isa = PBXFileReference; lastKnownFileType = sourcecode.swift; path = ContentView.swift; sourceTree = "<group>"; };
		4701799C2987FD39008E2000 /* Assets.xcassets */ = {isa = PBXFileReference; lastKnownFileType = folder.assetcatalog; path = Assets.xcassets; sourceTree = "<group>"; };
		4701799F2987FD39008E2000 /* Preview Assets.xcassets */ = {isa = PBXFileReference; lastKnownFileType = folder.assetcatalog; path = "Preview Assets.xcassets"; sourceTree = "<group>"; };
		470179A12987FD39008E2000 /* ServiceProvider.entitlements */ = {isa = PBXFileReference; lastKnownFileType = text.plist.entitlements; path = ServiceProvider.entitlements; sourceTree = "<group>"; };
		470179A62987FD39008E2000 /* ServiceProviderTests.xctest */ = {isa = PBXFileReference; explicitFileType = wrapper.cfbundle; includeInIndex = 0; path = ServiceProviderTests.xctest; sourceTree = BUILT_PRODUCTS_DIR; };
		470179AA2987FD39008E2000 /* ServiceProviderTests.swift */ = {isa = PBXFileReference; lastKnownFileType = sourcecode.swift; path = ServiceProviderTests.swift; sourceTree = "<group>"; };
		470179B02987FD39008E2000 /* ServiceProviderUITests.xctest */ = {isa = PBXFileReference; explicitFileType = wrapper.cfbundle; includeInIndex = 0; path = ServiceProviderUITests.xctest; sourceTree = BUILT_PRODUCTS_DIR; };
		470179B42987FD39008E2000 /* ServiceProviderUITests.swift */ = {isa = PBXFileReference; lastKnownFileType = sourcecode.swift; path = ServiceProviderUITests.swift; sourceTree = "<group>"; };
		470179B62987FD39008E2000 /* ServiceProviderUITestsLaunchTests.swift */ = {isa = PBXFileReference; lastKnownFileType = sourcecode.swift; path = ServiceProviderUITestsLaunchTests.swift; sourceTree = "<group>"; };
		470179C32987FD55008E2000 /* shapestruct.swift */ = {isa = PBXFileReference; lastKnownFileType = sourcecode.swift; path = shapestruct.swift; sourceTree = "<group>"; };
		470179C52987FD8F008E2000 /* addRide.swift */ = {isa = PBXFileReference; lastKnownFileType = sourcecode.swift; path = addRide.swift; sourceTree = "<group>"; };
		470179C72987FDB0008E2000 /* sprides.swift */ = {isa = PBXFileReference; lastKnownFileType = sourcecode.swift; path = sprides.swift; sourceTree = "<group>"; };
		470179C92987FDC4008E2000 /* tabbar.swift */ = {isa = PBXFileReference; lastKnownFileType = sourcecode.swift; path = tabbar.swift; sourceTree = "<group>"; };
		470179CB2987FDDC008E2000 /* ridesheet.swift */ = {isa = PBXFileReference; lastKnownFileType = sourcecode.swift; path = ridesheet.swift; sourceTree = "<group>"; };
		470179CD2987FE0D008E2000 /* sprideinitv.swift */ = {isa = PBXFileReference; lastKnownFileType = sourcecode.swift; path = sprideinitv.swift; sourceTree = "<group>"; };
		470179CF298801EC008E2000 /* Roboto-Medium.ttf */ = {isa = PBXFileReference; lastKnownFileType = file; path = "Roboto-Medium.ttf"; sourceTree = "<group>"; };
/* End PBXFileReference section */

/* Begin PBXFrameworksBuildPhase section */
		470179922987FD37008E2000 /* Frameworks */ = {
			isa = PBXFrameworksBuildPhase;
			buildActionMask = 2147483647;
			files = (
			);
			runOnlyForDeploymentPostprocessing = 0;
		};
		470179A32987FD39008E2000 /* Frameworks */ = {
			isa = PBXFrameworksBuildPhase;
			buildActionMask = 2147483647;
			files = (
			);
			runOnlyForDeploymentPostprocessing = 0;
		};
		470179AD2987FD39008E2000 /* Frameworks */ = {
			isa = PBXFrameworksBuildPhase;
			buildActionMask = 2147483647;
			files = (
			);
			runOnlyForDeploymentPostprocessing = 0;
		};
/* End PBXFrameworksBuildPhase section */

/* Begin PBXGroup section */
		4701798C2987FD37008E2000 = {
			isa = PBXGroup;
			children = (
				470179CD2987FE0D008E2000 /* sprideinitv.swift */,
				470179CB2987FDDC008E2000 /* ridesheet.swift */,
				470179C92987FDC4008E2000 /* tabbar.swift */,
				470179C72987FDB0008E2000 /* sprides.swift */,
				470179C52987FD8F008E2000 /* addRide.swift */,
				470179972987FD37008E2000 /* ServiceProvider */,
				470179A92987FD39008E2000 /* ServiceProviderTests */,
				470179B32987FD39008E2000 /* ServiceProviderUITests */,
				470179962987FD37008E2000 /* Products */,
			);
			sourceTree = "<group>";
		};
		470179962987FD37008E2000 /* Products */ = {
			isa = PBXGroup;
			children = (
				470179952987FD37008E2000 /* ServiceProvider.app */,
				470179A62987FD39008E2000 /* ServiceProviderTests.xctest */,
				470179B02987FD39008E2000 /* ServiceProviderUITests.xctest */,
			);
			name = Products;
			sourceTree = "<group>";
		};
		470179972987FD37008E2000 /* ServiceProvider */ = {
			isa = PBXGroup;
			children = (
				470179982987FD37008E2000 /* ServiceProviderApp.swift */,
				4701799A2987FD37008E2000 /* ContentView.swift */,
				4701799C2987FD39008E2000 /* Assets.xcassets */,
				470179CF298801EC008E2000 /* Roboto-Medium.ttf */,
				470179A12987FD39008E2000 /* ServiceProvider.entitlements */,
				4701799E2987FD39008E2000 /* Preview Content */,
				470179C32987FD55008E2000 /* shapestruct.swift */,
			);
			path = ServiceProvider;
			sourceTree = "<group>";
		};
		4701799E2987FD39008E2000 /* Preview Content */ = {
			isa = PBXGroup;
			children = (
				4701799F2987FD39008E2000 /* Preview Assets.xcassets */,
			);
			path = "Preview Content";
			sourceTree = "<group>";
		};
		470179A92987FD39008E2000 /* ServiceProviderTests */ = {
			isa = PBXGroup;
			children = (
				470179AA2987FD39008E2000 /* ServiceProviderTests.swift */,
			);
			path = ServiceProviderTests;
			sourceTree = "<group>";
		};
		470179B32987FD39008E2000 /* ServiceProviderUITests */ = {
			isa = PBXGroup;
			children = (
				470179B42987FD39008E2000 /* ServiceProviderUITests.swift */,
				470179B62987FD39008E2000 /* ServiceProviderUITestsLaunchTests.swift */,
			);
			path = ServiceProviderUITests;
			sourceTree = "<group>";
		};
/* End PBXGroup section */

/* Begin PBXNativeTarget section */
		470179942987FD37008E2000 /* ServiceProvider */ = {
			isa = PBXNativeTarget;
			buildConfigurationList = 470179BA2987FD39008E2000 /* Build configuration list for PBXNativeTarget "ServiceProvider" */;
			buildPhases = (
				470179912987FD37008E2000 /* Sources */,
				470179922987FD37008E2000 /* Frameworks */,
				470179932987FD37008E2000 /* Resources */,
			);
			buildRules = (
			);
			dependencies = (
			);
			name = ServiceProvider;
			productName = ServiceProvider;
			productReference = 470179952987FD37008E2000 /* ServiceProvider.app */;
			productType = "com.apple.product-type.application";
		};
		470179A52987FD39008E2000 /* ServiceProviderTests */ = {
			isa = PBXNativeTarget;
			buildConfigurationList = 470179BD2987FD39008E2000 /* Build configuration list for PBXNativeTarget "ServiceProviderTests" */;
			buildPhases = (
				470179A22987FD39008E2000 /* Sources */,
				470179A32987FD39008E2000 /* Frameworks */,
				470179A42987FD39008E2000 /* Resources */,
			);
			buildRules = (
			);
			dependencies = (
				470179A82987FD39008E2000 /* PBXTargetDependency */,
			);
			name = ServiceProviderTests;
			productName = ServiceProviderTests;
			productReference = 470179A62987FD39008E2000 /* ServiceProviderTests.xctest */;
			productType = "com.apple.product-type.bundle.unit-test";
		};
		470179AF2987FD39008E2000 /* ServiceProviderUITests */ = {
			isa = PBXNativeTarget;
			buildConfigurationList = 470179C02987FD39008E2000 /* Build configuration list for PBXNativeTarget "ServiceProviderUITests" */;
			buildPhases = (
				470179AC2987FD39008E2000 /* Sources */,
				470179AD2987FD39008E2000 /* Frameworks */,
				470179AE2987FD39008E2000 /* Resources */,
			);
			buildRules = (
			);
			dependencies = (
				470179B22987FD39008E2000 /* PBXTargetDependency */,
			);
			name = ServiceProviderUITests;
			productName = ServiceProviderUITests;
			productReference = 470179B02987FD39008E2000 /* ServiceProviderUITests.xctest */;
			productType = "com.apple.product-type.bundle.ui-testing";
		};
/* End PBXNativeTarget section */

/* Begin PBXProject section */
		4701798D2987FD37008E2000 /* Project object */ = {
			isa = PBXProject;
			attributes = {
				BuildIndependentTargetsInParallel = 1;
				LastSwiftUpdateCheck = 1420;
				LastUpgradeCheck = 1420;
				TargetAttributes = {
					470179942987FD37008E2000 = {
						CreatedOnToolsVersion = 14.2;
					};
					470179A52987FD39008E2000 = {
						CreatedOnToolsVersion = 14.2;
						TestTargetID = 470179942987FD37008E2000;
					};
					470179AF2987FD39008E2000 = {
						CreatedOnToolsVersion = 14.2;
						TestTargetID = 470179942987FD37008E2000;
					};
				};
			};
			buildConfigurationList = 470179902987FD37008E2000 /* Build configuration list for PBXProject "ServiceProvider" */;
			compatibilityVersion = "Xcode 14.0";
			developmentRegion = en;
			hasScannedForEncodings = 0;
			knownRegions = (
				en,
				Base,
			);
			mainGroup = 4701798C2987FD37008E2000;
			productRefGroup = 470179962987FD37008E2000 /* Products */;
			projectDirPath = "";
			projectRoot = "";
			targets = (
				470179942987FD37008E2000 /* ServiceProvider */,
				470179A52987FD39008E2000 /* ServiceProviderTests */,
				470179AF2987FD39008E2000 /* ServiceProviderUITests */,
			);
		};
/* End PBXProject section */

/* Begin PBXResourcesBuildPhase section */
		470179932987FD37008E2000 /* Resources */ = {
			isa = PBXResourcesBuildPhase;
			buildActionMask = 2147483647;
			files = (
				470179A02987FD39008E2000 /* Preview Assets.xcassets in Resources */,
				4701799D2987FD39008E2000 /* Assets.xcassets in Resources */,
				470179D0298801ED008E2000 /* Roboto-Medium.ttf in Resources */,
			);
			runOnlyForDeploymentPostprocessing = 0;
		};
		470179A42987FD39008E2000 /* Resources */ = {
			isa = PBXResourcesBuildPhase;
			buildActionMask = 2147483647;
			files = (
			);
			runOnlyForDeploymentPostprocessing = 0;
		};
		470179AE2987FD39008E2000 /* Resources */ = {
			isa = PBXResourcesBuildPhase;
			buildActionMask = 2147483647;
			files = (
			);
			runOnlyForDeploymentPostprocessing = 0;
		};
/* End PBXResourcesBuildPhase section */

/* Begin PBXSourcesBuildPhase section */
		470179912987FD37008E2000 /* Sources */ = {
			isa = PBXSourcesBuildPhase;
			buildActionMask = 2147483647;
			files = (
				4701799B2987FD37008E2000 /* ContentView.swift in Sources */,
				470179CA2987FDC4008E2000 /* tabbar.swift in Sources */,
				470179CC2987FDDC008E2000 /* ridesheet.swift in Sources */,
				470179C82987FDB0008E2000 /* sprides.swift in Sources */,
				470179C62987FD8F008E2000 /* addRide.swift in Sources */,
				470179CE2987FE0D008E2000 /* sprideinitv.swift in Sources */,
				470179992987FD37008E2000 /* ServiceProviderApp.swift in Sources */,
				470179C42987FD55008E2000 /* shapestruct.swift in Sources */,
			);
			runOnlyForDeploymentPostprocessing = 0;
		};
		470179A22987FD39008E2000 /* Sources */ = {
			isa = PBXSourcesBuildPhase;
			buildActionMask = 2147483647;
			files = (
				470179AB2987FD39008E2000 /* ServiceProviderTests.swift in Sources */,
			);
			runOnlyForDeploymentPostprocessing = 0;
		};
		470179AC2987FD39008E2000 /* Sources */ = {
			isa = PBXSourcesBuildPhase;
			buildActionMask = 2147483647;
			files = (
				470179B52987FD39008E2000 /* ServiceProviderUITests.swift in Sources */,
				470179B72987FD39008E2000 /* ServiceProviderUITestsLaunchTests.swift in Sources */,
			);
			runOnlyForDeploymentPostprocessing = 0;
		};
/* End PBXSourcesBuildPhase section */

/* Begin PBXTargetDependency section */
		470179A82987FD39008E2000 /* PBXTargetDependency */ = {
			isa = PBXTargetDependency;
			target = 470179942987FD37008E2000 /* ServiceProvider */;
			targetProxy = 470179A72987FD39008E2000 /* PBXContainerItemProxy */;
		};
		470179B22987FD39008E2000 /* PBXTargetDependency */ = {
			isa = PBXTargetDependency;
			target = 470179942987FD37008E2000 /* ServiceProvider */;
			targetProxy = 470179B12987FD39008E2000 /* PBXContainerItemProxy */;
		};
/* End PBXTargetDependency section */

/* Begin XCBuildConfiguration section */
		470179B82987FD39008E2000 /* Debug */ = {
			isa = XCBuildConfiguration;
			buildSettings = {
				ALWAYS_SEARCH_USER_PATHS = NO;
				CLANG_ANALYZER_NONNULL = YES;
				CLANG_ANALYZER_NUMBER_OBJECT_CONVERSION = YES_AGGRESSIVE;
				CLANG_CXX_LANGUAGE_STANDARD = "gnu++20";
				CLANG_ENABLE_MODULES = YES;
				CLANG_ENABLE_OBJC_ARC = YES;
				CLANG_ENABLE_OBJC_WEAK = YES;
				CLANG_WARN_BLOCK_CAPTURE_AUTORELEASING = YES;
				CLANG_WARN_BOOL_CONVERSION = YES;
				CLANG_WARN_COMMA = YES;
				CLANG_WARN_CONSTANT_CONVERSION = YES;
				CLANG_WARN_DEPRECATED_OBJC_IMPLEMENTATIONS = YES;
				CLANG_WARN_DIRECT_OBJC_ISA_USAGE = YES_ERROR;
				CLANG_WARN_DOCUMENTATION_COMMENTS = YES;
				CLANG_WARN_EMPTY_BODY = YES;
				CLANG_WARN_ENUM_CONVERSION = YES;
				CLANG_WARN_INFINITE_RECURSION = YES;
				CLANG_WARN_INT_CONVERSION = YES;
				CLANG_WARN_NON_LITERAL_NULL_CONVERSION = YES;
				CLANG_WARN_OBJC_IMPLICIT_RETAIN_SELF = YES;
				CLANG_WARN_OBJC_LITERAL_CONVERSION = YES;
				CLANG_WARN_OBJC_ROOT_CLASS = YES_ERROR;
				CLANG_WARN_QUOTED_INCLUDE_IN_FRAMEWORK_HEADER = YES;
				CLANG_WARN_RANGE_LOOP_ANALYSIS = YES;
				CLANG_WARN_STRICT_PROTOTYPES = YES;
				CLANG_WARN_SUSPICIOUS_MOVE = YES;
				CLANG_WARN_UNGUARDED_AVAILABILITY = YES_AGGRESSIVE;
				CLANG_WARN_UNREACHABLE_CODE = YES;
				CLANG_WARN__DUPLICATE_METHOD_MATCH = YES;
				COPY_PHASE_STRIP = NO;
				DEBUG_INFORMATION_FORMAT = dwarf;
				ENABLE_STRICT_OBJC_MSGSEND = YES;
				ENABLE_TESTABILITY = YES;
				GCC_C_LANGUAGE_STANDARD = gnu11;
				GCC_DYNAMIC_NO_PIC = NO;
				GCC_NO_COMMON_BLOCKS = YES;
				GCC_OPTIMIZATION_LEVEL = 0;
				GCC_PREPROCESSOR_DEFINITIONS = (
					"DEBUG=1",
					"$(inherited)",
				);
				GCC_WARN_64_TO_32_BIT_CONVERSION = YES;
				GCC_WARN_ABOUT_RETURN_TYPE = YES_ERROR;
				GCC_WARN_UNDECLARED_SELECTOR = YES;
				GCC_WARN_UNINITIALIZED_AUTOS = YES_AGGRESSIVE;
				GCC_WARN_UNUSED_FUNCTION = YES;
				GCC_WARN_UNUSED_VARIABLE = YES;
				MACOSX_DEPLOYMENT_TARGET = 12.5;
				MTL_ENABLE_DEBUG_INFO = INCLUDE_SOURCE;
				MTL_FAST_MATH = YES;
				ONLY_ACTIVE_ARCH = YES;
				SDKROOT = macosx;
				SWIFT_ACTIVE_COMPILATION_CONDITIONS = DEBUG;
				SWIFT_OPTIMIZATION_LEVEL = "-Onone";
			};
			name = Debug;
		};
		470179B92987FD39008E2000 /* Release */ = {
			isa = XCBuildConfiguration;
			buildSettings = {
				ALWAYS_SEARCH_USER_PATHS = NO;
				CLANG_ANALYZER_NONNULL = YES;
				CLANG_ANALYZER_NUMBER_OBJECT_CONVERSION = YES_AGGRESSIVE;
				CLANG_CXX_LANGUAGE_STANDARD = "gnu++20";
				CLANG_ENABLE_MODULES = YES;
				CLANG_ENABLE_OBJC_ARC = YES;
				CLANG_ENABLE_OBJC_WEAK = YES;
				CLANG_WARN_BLOCK_CAPTURE_AUTORELEASING = YES;
				CLANG_WARN_BOOL_CONVERSION = YES;
				CLANG_WARN_COMMA = YES;
				CLANG_WARN_CONSTANT_CONVERSION = YES;
				CLANG_WARN_DEPRECATED_OBJC_IMPLEMENTATIONS = YES;
				CLANG_WARN_DIRECT_OBJC_ISA_USAGE = YES_ERROR;
				CLANG_WARN_DOCUMENTATION_COMMENTS = YES;
				CLANG_WARN_EMPTY_BODY = YES;
				CLANG_WARN_ENUM_CONVERSION = YES;
				CLANG_WARN_INFINITE_RECURSION = YES;
				CLANG_WARN_INT_CONVERSION = YES;
				CLANG_WARN_NON_LITERAL_NULL_CONVERSION = YES;
				CLANG_WARN_OBJC_IMPLICIT_RETAIN_SELF = YES;
				CLANG_WARN_OBJC_LITERAL_CONVERSION = YES;
				CLANG_WARN_OBJC_ROOT_CLASS = YES_ERROR;
				CLANG_WARN_QUOTED_INCLUDE_IN_FRAMEWORK_HEADER = YES;
				CLANG_WARN_RANGE_LOOP_ANALYSIS = YES;
				CLANG_WARN_STRICT_PROTOTYPES = YES;
				CLANG_WARN_SUSPICIOUS_MOVE = YES;
				CLANG_WARN_UNGUARDED_AVAILABILITY = YES_AGGRESSIVE;
				CLANG_WARN_UNREACHABLE_CODE = YES;
				CLANG_WARN__DUPLICATE_METHOD_MATCH = YES;
				COPY_PHASE_STRIP = NO;
				DEBUG_INFORMATION_FORMAT = "dwarf-with-dsym";
				ENABLE_NS_ASSERTIONS = NO;
				ENABLE_STRICT_OBJC_MSGSEND = YES;
				GCC_C_LANGUAGE_STANDARD = gnu11;
				GCC_NO_COMMON_BLOCKS = YES;
				GCC_WARN_64_TO_32_BIT_CONVERSION = YES;
				GCC_WARN_ABOUT_RETURN_TYPE = YES_ERROR;
				GCC_WARN_UNDECLARED_SELECTOR = YES;
				GCC_WARN_UNINITIALIZED_AUTOS = YES_AGGRESSIVE;
				GCC_WARN_UNUSED_FUNCTION = YES;
				GCC_WARN_UNUSED_VARIABLE = YES;
				MACOSX_DEPLOYMENT_TARGET = 12.5;
				MTL_ENABLE_DEBUG_INFO = NO;
				MTL_FAST_MATH = YES;
				SDKROOT = macosx;
				SWIFT_COMPILATION_MODE = wholemodule;
				SWIFT_OPTIMIZATION_LEVEL = "-O";
			};
			name = Release;
		};
		470179BB2987FD39008E2000 /* Debug */ = {
			isa = XCBuildConfiguration;
			buildSettings = {
				ASSETCATALOG_COMPILER_APPICON_NAME = AppIcon;
				ASSETCATALOG_COMPILER_GLOBAL_ACCENT_COLOR_NAME = AccentColor;
				CODE_SIGN_ENTITLEMENTS = ServiceProvider/ServiceProvider.entitlements;
				CODE_SIGN_STYLE = Automatic;
				COMBINE_HIDPI_IMAGES = YES;
				CURRENT_PROJECT_VERSION = 1;
				DEVELOPMENT_ASSET_PATHS = "\"ServiceProvider/Preview Content\"";
				ENABLE_PREVIEWS = YES;
				GENERATE_INFOPLIST_FILE = YES;
				INFOPLIST_KEY_NSHumanReadableCopyright = "";
				LD_RUNPATH_SEARCH_PATHS = (
					"$(inherited)",
					"@executable_path/../Frameworks",
				);
				MARKETING_VERSION = 1.0;
				PRODUCT_BUNDLE_IDENTIFIER = j.ServiceProvider;
				PRODUCT_NAME = "$(TARGET_NAME)";
				SUPPORTED_PLATFORMS = "iphoneos iphonesimulator macosx";
				SUPPORTS_MACCATALYST = NO;
				SUPPORTS_MAC_DESIGNED_FOR_IPHONE_IPAD = NO;
				SWIFT_EMIT_LOC_STRINGS = YES;
				SWIFT_VERSION = 5.0;
				TARGETED_DEVICE_FAMILY = 1;
			};
			name = Debug;
		};
		470179BC2987FD39008E2000 /* Release */ = {
			isa = XCBuildConfiguration;
			buildSettings = {
				ASSETCATALOG_COMPILER_APPICON_NAME = AppIcon;
				ASSETCATALOG_COMPILER_GLOBAL_ACCENT_COLOR_NAME = AccentColor;
				CODE_SIGN_ENTITLEMENTS = ServiceProvider/ServiceProvider.entitlements;
				CODE_SIGN_STYLE = Automatic;
				COMBINE_HIDPI_IMAGES = YES;
				CURRENT_PROJECT_VERSION = 1;
				DEVELOPMENT_ASSET_PATHS = "\"ServiceProvider/Preview Content\"";
				ENABLE_PREVIEWS = YES;
				GENERATE_INFOPLIST_FILE = YES;
				INFOPLIST_KEY_NSHumanReadableCopyright = "";
				LD_RUNPATH_SEARCH_PATHS = (
					"$(inherited)",
					"@executable_path/../Frameworks",
				);
				MARKETING_VERSION = 1.0;
				PRODUCT_BUNDLE_IDENTIFIER = j.ServiceProvider;
				PRODUCT_NAME = "$(TARGET_NAME)";
				SUPPORTED_PLATFORMS = "iphoneos iphonesimulator macosx";
				SUPPORTS_MACCATALYST = NO;
				SUPPORTS_MAC_DESIGNED_FOR_IPHONE_IPAD = NO;
				SWIFT_EMIT_LOC_STRINGS = YES;
				SWIFT_VERSION = 5.0;
				TARGETED_DEVICE_FAMILY = 1;
			};
			name = Release;
		};
		470179BE2987FD39008E2000 /* Debug */ = {
			isa = XCBuildConfiguration;
			buildSettings = {
				ALWAYS_EMBED_SWIFT_STANDARD_LIBRARIES = YES;
				BUNDLE_LOADER = "$(TEST_HOST)";
				CODE_SIGN_STYLE = Automatic;
				CURRENT_PROJECT_VERSION = 1;
				GENERATE_INFOPLIST_FILE = YES;
				MACOSX_DEPLOYMENT_TARGET = 12.5;
				MARKETING_VERSION = 1.0;
				PRODUCT_BUNDLE_IDENTIFIER = j.ServiceProviderTests;
				PRODUCT_NAME = "$(TARGET_NAME)";
				SWIFT_EMIT_LOC_STRINGS = NO;
				SWIFT_VERSION = 5.0;
				TEST_HOST = "$(BUILT_PRODUCTS_DIR)/ServiceProvider.app/$(BUNDLE_EXECUTABLE_FOLDER_PATH)/ServiceProvider";
			};
			name = Debug;
		};
		470179BF2987FD39008E2000 /* Release */ = {
			isa = XCBuildConfiguration;
			buildSettings = {
				ALWAYS_EMBED_SWIFT_STANDARD_LIBRARIES = YES;
				BUNDLE_LOADER = "$(TEST_HOST)";
				CODE_SIGN_STYLE = Automatic;
				CURRENT_PROJECT_VERSION = 1;
				GENERATE_INFOPLIST_FILE = YES;
				MACOSX_DEPLOYMENT_TARGET = 12.5;
				MARKETING_VERSION = 1.0;
				PRODUCT_BUNDLE_IDENTIFIER = j.ServiceProviderTests;
				PRODUCT_NAME = "$(TARGET_NAME)";
				SWIFT_EMIT_LOC_STRINGS = NO;
				SWIFT_VERSION = 5.0;
				TEST_HOST = "$(BUILT_PRODUCTS_DIR)/ServiceProvider.app/$(BUNDLE_EXECUTABLE_FOLDER_PATH)/ServiceProvider";
			};
			name = Release;
		};
		470179C12987FD39008E2000 /* Debug */ = {
			isa = XCBuildConfiguration;
			buildSettings = {
				ALWAYS_EMBED_SWIFT_STANDARD_LIBRARIES = YES;
				CODE_SIGN_STYLE = Automatic;
				CURRENT_PROJECT_VERSION = 1;
				GENERATE_INFOPLIST_FILE = YES;
				MARKETING_VERSION = 1.0;
				PRODUCT_BUNDLE_IDENTIFIER = j.ServiceProviderUITests;
				PRODUCT_NAME = "$(TARGET_NAME)";
				SWIFT_EMIT_LOC_STRINGS = NO;
				SWIFT_VERSION = 5.0;
				TEST_TARGET_NAME = ServiceProvider;
			};
			name = Debug;
		};
		470179C22987FD39008E2000 /* Release */ = {
			isa = XCBuildConfiguration;
			buildSettings = {
				ALWAYS_EMBED_SWIFT_STANDARD_LIBRARIES = YES;
				CODE_SIGN_STYLE = Automatic;
				CURRENT_PROJECT_VERSION = 1;
				GENERATE_INFOPLIST_FILE = YES;
				MARKETING_VERSION = 1.0;
				PRODUCT_BUNDLE_IDENTIFIER = j.ServiceProviderUITests;
				PRODUCT_NAME = "$(TARGET_NAME)";
				SWIFT_EMIT_LOC_STRINGS = NO;
				SWIFT_VERSION = 5.0;
				TEST_TARGET_NAME = ServiceProvider;
			};
			name = Release;
		};
/* End XCBuildConfiguration section */

/* Begin XCConfigurationList section */
		470179902987FD37008E2000 /* Build configuration list for PBXProject "ServiceProvider" */ = {
			isa = XCConfigurationList;
			buildConfigurations = (
				470179B82987FD39008E2000 /* Debug */,
				470179B92987FD39008E2000 /* Release */,
			);
			defaultConfigurationIsVisible = 0;
			defaultConfigurationName = Release;
		};
		470179BA2987FD39008E2000 /* Build configuration list for PBXNativeTarget "ServiceProvider" */ = {
			isa = XCConfigurationList;
			buildConfigurations = (
				470179BB2987FD39008E2000 /* Debug */,
				470179BC2987FD39008E2000 /* Release */,
			);
			defaultConfigurationIsVisible = 0;
			defaultConfigurationName = Release;
		};
		470179BD2987FD39008E2000 /* Build configuration list for PBXNativeTarget "ServiceProviderTests" */ = {
			isa = XCConfigurationList;
			buildConfigurations = (
				470179BE2987FD39008E2000 /* Debug */,
				470179BF2987FD39008E2000 /* Release */,
			);
			defaultConfigurationIsVisible = 0;
			defaultConfigurationName = Release;
		};
		470179C02987FD39008E2000 /* Build configuration list for PBXNativeTarget "ServiceProviderUITests" */ = {
			isa = XCConfigurationList;
			buildConfigurations = (
				470179C12987FD39008E2000 /* Debug */,
				470179C22987FD39008E2000 /* Release */,
			);
			defaultConfigurationIsVisible = 0;
			defaultConfigurationName = Release;
		};
/* End XCConfigurationList section */
	};
	rootObject = 4701798D2987FD37008E2000 /* Project object */;
}
